
Microsoft Visual Studio Solution File, Format Version 12.00
# Visual Studio Version 17
VisualStudioVersion = 17.11.35303.130
MinimumVisualStudioVersion = 10.0.40219.1
Project("{FAE04EC0-301F-11D3-BF4B-00C04F79EFBC}") = "OnlineLearningPlatform", "OnlineLearningPlatform\OnlineLearningPlatform.csproj", "{6AA8ECE1-C6EE-4B77-8239-EF34BE612304}"
EndProject
Project("{FAE04EC0-301F-11D3-BF4B-00C04F79EFBC}") = "OnlineLearningPlatform.Tests", "OnlineLearningPlatform.Tests\OnlineLearningPlatform.Tests.csproj", "{B89D9C53-9539-437C-B232-36DDE3771A56}"
EndProject
Global
	GlobalSection(SolutionConfigurationPlatforms) = preSolution
		Debug|Any CPU = Debug|Any CPU
		Release|Any CPU = Release|Any CPU
	EndGlobalSection
	GlobalSection(ProjectConfigurationPlatforms) = postSolution
		{6AA8ECE1-C6EE-4B77-8239-EF34BE612304}.Debug|Any CPU.ActiveCfg = Debug|Any CPU
		{6AA8ECE1-C6EE-4B77-8239-EF34BE612304}.Debug|Any CPU.Build.0 = Debug|Any CPU
		{6AA8ECE1-C6EE-4B77-8239-EF34BE612304}.Release|Any CPU.ActiveCfg = Release|Any CPU
		{6AA8ECE1-C6EE-4B77-8239-EF34BE612304}.Release|Any CPU.Build.0 = Release|Any CPU
		{B89D9C53-9539-437C-B232-36DDE3771A56}.Debug|Any CPU.ActiveCfg = Debug|Any CPU
		{B89D9C53-9539-437C-B232-36DDE3771A56}.Debug|Any CPU.Build.0 = Debug|Any CPU
		{B89D9C53-9539-437C-B232-36DDE3771A56}.Release|Any CPU.ActiveCfg = Release|Any CPU
		{B89D9C53-9539-437C-B232-36DDE3771A56}.Release|Any CPU.Build.0 = Release|Any CPU
	EndGlobalSection
	GlobalSection(SolutionProperties) = preSolution
		HideSolutionNode = FALSE
	EndGlobalSection
	GlobalSection(ExtensibilityGlobals) = postSolution
		SolutionGuid = {76345714-3DB1-4414-A2A6-CFF52FF008D4}
	EndGlobalSection
EndGlobal
